
Microsoft Visual Studio Solution File, Format Version 12.00
# Visual Studio Version 17
VisualStudioVersion = 17.6.33829.357
MinimumVisualStudioVersion = 10.0.40219.1
Project("{9A19103F-16F7-4668-BE54-9A1E7A4F7556}") = "Common", "Demo\RACWebApp\Common\Common.csproj", "{89220435-A122-483F-B953-EC0C7A9214A5}"
EndProject
Project("{2150E333-8FDC-42A3-9474-1A3956D46DE8}") = "Demo", "Demo", "{73FF726C-93AD-4BE3-BE46-D86E999AE7F9}"
EndProject
Project("{2150E333-8FDC-42A3-9474-1A3956D46DE8}") = "WebApp", "WebApp", "{1C373F07-4289-43AF-ADD7-B24F7766BD92}"
EndProject
Project("{9A19103F-16F7-4668-BE54-9A1E7A4F7556}") = "RuntimeAssemblyCompiler", "Library\RuntimeAssemblyCompiler.csproj", "{1212EB0A-EED4-4BA5-A2C5-EA9F26195261}"
EndProject
Project("{9A19103F-16F7-4668-BE54-9A1E7A4F7556}") = "Starter", "Demo\RACWebApp\Starter\Starter.csproj", "{29E1EC04-F9BA-4491-83F0-930B7712D9B2}"
EndProject
Global
	GlobalSection(SolutionConfigurationPlatforms) = preSolution
		Debug|Any CPU = Debug|Any CPU
		Release|Any CPU = Release|Any CPU
	EndGlobalSection
	GlobalSection(ProjectConfigurationPlatforms) = postSolution
		{89220435-A122-483F-B953-EC0C7A9214A5}.Debug|Any CPU.ActiveCfg = Debug|Any CPU
		{89220435-A122-483F-B953-EC0C7A9214A5}.Debug|Any CPU.Build.0 = Debug|Any CPU
		{89220435-A122-483F-B953-EC0C7A9214A5}.Release|Any CPU.ActiveCfg = Release|Any CPU
		{89220435-A122-483F-B953-EC0C7A9214A5}.Release|Any CPU.Build.0 = Release|Any CPU
		{1212EB0A-EED4-4BA5-A2C5-EA9F26195261}.Debug|Any CPU.ActiveCfg = Debug|Any CPU
		{1212EB0A-EED4-4BA5-A2C5-EA9F26195261}.Debug|Any CPU.Build.0 = Debug|Any CPU
		{1212EB0A-EED4-4BA5-A2C5-EA9F26195261}.Release|Any CPU.ActiveCfg = Release|Any CPU
		{1212EB0A-EED4-4BA5-A2C5-EA9F26195261}.Release|Any CPU.Build.0 = Release|Any CPU
		{29E1EC04-F9BA-4491-83F0-930B7712D9B2}.Debug|Any CPU.ActiveCfg = Debug|Any CPU
		{29E1EC04-F9BA-4491-83F0-930B7712D9B2}.Debug|Any CPU.Build.0 = Debug|Any CPU
		{29E1EC04-F9BA-4491-83F0-930B7712D9B2}.Release|Any CPU.ActiveCfg = Release|Any CPU
		{29E1EC04-F9BA-4491-83F0-930B7712D9B2}.Release|Any CPU.Build.0 = Release|Any CPU
	EndGlobalSection
	GlobalSection(SolutionProperties) = preSolution
		HideSolutionNode = FALSE
	EndGlobalSection
	GlobalSection(NestedProjects) = preSolution
		{89220435-A122-483F-B953-EC0C7A9214A5} = {1C373F07-4289-43AF-ADD7-B24F7766BD92}
		{1C373F07-4289-43AF-ADD7-B24F7766BD92} = {73FF726C-93AD-4BE3-BE46-D86E999AE7F9}
		{29E1EC04-F9BA-4491-83F0-930B7712D9B2} = {1C373F07-4289-43AF-ADD7-B24F7766BD92}
	EndGlobalSection
	GlobalSection(ExtensibilityGlobals) = postSolution
		SolutionGuid = {87AE9882-4480-425A-8EB2-DDA218B12AB8}
	EndGlobalSection
EndGlobal
